// !$*UTF8*$!
{
	archiveVersion = 1;
	classes = {
	};
	objectVersion = 46;
	objects = {

/* Begin PBXBuildFile section */
		26F1F3AA1F0A0A8700E5AB2F /* AppDelegate.swift in Sources */ = {isa = PBXBuildFile; fileRef = 26F1F3A91F0A0A8700E5AB2F /* AppDelegate.swift */; };
		26F1F3AC1F0A0A8700E5AB2F /* ViewController.swift in Sources */ = {isa = PBXBuildFile; fileRef = 26F1F3AB1F0A0A8700E5AB2F /* ViewController.swift */; };
		26F1F3AF1F0A0A8700E5AB2F /* Main.storyboard in Resources */ = {isa = PBXBuildFile; fileRef = 26F1F3AD1F0A0A8700E5AB2F /* Main.storyboard */; };
		26F1F3B11F0A0A8700E5AB2F /* Assets.xcassets in Resources */ = {isa = PBXBuildFile; fileRef = 26F1F3B01F0A0A8700E5AB2F /* Assets.xcassets */; };
		26F1F3B41F0A0A8700E5AB2F /* LaunchScreen.storyboard in Resources */ = {isa = PBXBuildFile; fileRef = 26F1F3B21F0A0A8700E5AB2F /* LaunchScreen.storyboard */; };
		26F1F3BF1F0A0A8700E5AB2F /* FoodTrackerTests.swift in Sources */ = {isa = PBXBuildFile; fileRef = 26F1F3BE1F0A0A8700E5AB2F /* FoodTrackerTests.swift */; };
		26F1F3CA1F0A0A8700E5AB2F /* FoodTrackerUITests.swift in Sources */ = {isa = PBXBuildFile; fileRef = 26F1F3C91F0A0A8700E5AB2F /* FoodTrackerUITests.swift */; };
/* End PBXBuildFile section */

/* Begin PBXContainerItemProxy section */
		26F1F3BB1F0A0A8700E5AB2F /* PBXContainerItemProxy */ = {
			isa = PBXContainerItemProxy;
			containerPortal = 26F1F39E1F0A0A8700E5AB2F /* Project object */;
			proxyType = 1;
			remoteGlobalIDString = 26F1F3A51F0A0A8700E5AB2F;
			remoteInfo = FoodTracker;
		};
		26F1F3C61F0A0A8700E5AB2F /* PBXContainerItemProxy */ = {
			isa = PBXContainerItemProxy;
			containerPortal = 26F1F39E1F0A0A8700E5AB2F /* Project object */;
			proxyType = 1;
			remoteGlobalIDString = 26F1F3A51F0A0A8700E5AB2F;
			remoteInfo = FoodTracker;
		};
/* End PBXContainerItemProxy section */

/* Begin PBXFileReference section */
		26F1F3A61F0A0A8700E5AB2F /* FoodTracker.app */ = {isa = PBXFileReference; explicitFileType = wrapper.application; includeInIndex = 0; path = FoodTracker.app; sourceTree = BUILT_PRODUCTS_DIR; };
		26F1F3A91F0A0A8700E5AB2F /* AppDelegate.swift */ = {isa = PBXFileReference; lastKnownFileType = sourcecode.swift; path = AppDelegate.swift; sourceTree = "<group>"; };
		26F1F3AB1F0A0A8700E5AB2F /* ViewController.swift */ = {isa = PBXFileReference; lastKnownFileType = sourcecode.swift; path = ViewController.swift; sourceTree = "<group>"; };
		26F1F3AE1F0A0A8700E5AB2F /* Base */ = {isa = PBXFileReference; lastKnownFileType = file.storyboard; name = Base; path = Base.lproj/Main.storyboard; sourceTree = "<group>"; };
		26F1F3B01F0A0A8700E5AB2F /* Assets.xcassets */ = {isa = PBXFileReference; lastKnownFileType = folder.assetcatalog; path = Assets.xcassets; sourceTree = "<group>"; };
		26F1F3B31F0A0A8700E5AB2F /* Base */ = {isa = PBXFileReference; lastKnownFileType = file.storyboard; name = Base; path = Base.lproj/LaunchScreen.storyboard; sourceTree = "<group>"; };
		26F1F3B51F0A0A8700E5AB2F /* Info.plist */ = {isa = PBXFileReference; lastKnownFileType = text.plist.xml; path = Info.plist; sourceTree = "<group>"; };
		26F1F3BA1F0A0A8700E5AB2F /* FoodTrackerTests.xctest */ = {isa = PBXFileReference; explicitFileType = wrapper.cfbundle; includeInIndex = 0; path = FoodTrackerTests.xctest; sourceTree = BUILT_PRODUCTS_DIR; };
		26F1F3BE1F0A0A8700E5AB2F /* FoodTrackerTests.swift */ = {isa = PBXFileReference; lastKnownFileType = sourcecode.swift; path = FoodTrackerTests.swift; sourceTree = "<group>"; };
		26F1F3C01F0A0A8700E5AB2F /* Info.plist */ = {isa = PBXFileReference; lastKnownFileType = text.plist.xml; path = Info.plist; sourceTree = "<group>"; };
		26F1F3C51F0A0A8700E5AB2F /* FoodTrackerUITests.xctest */ = {isa = PBXFileReference; explicitFileType = wrapper.cfbundle; includeInIndex = 0; path = FoodTrackerUITests.xctest; sourceTree = BUILT_PRODUCTS_DIR; };
		26F1F3C91F0A0A8700E5AB2F /* FoodTrackerUITests.swift */ = {isa = PBXFileReference; lastKnownFileType = sourcecode.swift; path = FoodTrackerUITests.swift; sourceTree = "<group>"; };
		26F1F3CB1F0A0A8700E5AB2F /* Info.plist */ = {isa = PBXFileReference; lastKnownFileType = text.plist.xml; path = Info.plist; sourceTree = "<group>"; };
/* End PBXFileReference section */

/* Begin PBXFrameworksBuildPhase section */
		26F1F3A31F0A0A8700E5AB2F /* Frameworks */ = {
			isa = PBXFrameworksBuildPhase;
			buildActionMask = 2147483647;
			files = (
			);
			runOnlyForDeploymentPostprocessing = 0;
		};
		26F1F3B71F0A0A8700E5AB2F /* Frameworks */ = {
			isa = PBXFrameworksBuildPhase;
			buildActionMask = 2147483647;
			files = (
			);
			runOnlyForDeploymentPostprocessing = 0;
		};
		26F1F3C21F0A0A8700E5AB2F /* Frameworks */ = {
			isa = PBXFrameworksBuildPhase;
			buildActionMask = 2147483647;
			files = (
			);
			runOnlyForDeploymentPostprocessing = 0;
		};
/* End PBXFrameworksBuildPhase section */

/* Begin PBXGroup section */
		26F1F39D1F0A0A8700E5AB2F = {
			isa = PBXGroup;
			children = (
				26F1F3A81F0A0A8700E5AB2F /* FoodTracker */,
				26F1F3BD1F0A0A8700E5AB2F /* FoodTrackerTests */,
				26F1F3C81F0A0A8700E5AB2F /* FoodTrackerUITests */,
				26F1F3A71F0A0A8700E5AB2F /* Products */,
			);
			sourceTree = "<group>";
		};
		26F1F3A71F0A0A8700E5AB2F /* Products */ = {
			isa = PBXGroup;
			children = (
				26F1F3A61F0A0A8700E5AB2F /* FoodTracker.app */,
				26F1F3BA1F0A0A8700E5AB2F /* FoodTrackerTests.xctest */,
				26F1F3C51F0A0A8700E5AB2F /* FoodTrackerUITests.xctest */,
			);
			name = Products;
			sourceTree = "<group>";
		};
		26F1F3A81F0A0A8700E5AB2F /* FoodTracker */ = {
			isa = PBXGroup;
			children = (
				26F1F3A91F0A0A8700E5AB2F /* AppDelegate.swift */,
				26F1F3AB1F0A0A8700E5AB2F /* ViewController.swift */,
				26F1F3AD1F0A0A8700E5AB2F /* Main.storyboard */,
				26F1F3B01F0A0A8700E5AB2F /* Assets.xcassets */,
				26F1F3B21F0A0A8700E5AB2F /* LaunchScreen.storyboard */,
				26F1F3B51F0A0A8700E5AB2F /* Info.plist */,
			);
			path = FoodTracker;
			sourceTree = "<group>";
		};
		26F1F3BD1F0A0A8700E5AB2F /* FoodTrackerTests */ = {
			isa = PBXGroup;
			children = (
				26F1F3BE1F0A0A8700E5AB2F /* FoodTrackerTests.swift */,
				26F1F3C01F0A0A8700E5AB2F /* Info.plist */,
			);
			path = FoodTrackerTests;
			sourceTree = "<group>";
		};
		26F1F3C81F0A0A8700E5AB2F /* FoodTrackerUITests */ = {
			isa = PBXGroup;
			children = (
				26F1F3C91F0A0A8700E5AB2F /* FoodTrackerUITests.swift */,
				26F1F3CB1F0A0A8700E5AB2F /* Info.plist */,
			);
			path = FoodTrackerUITests;
			sourceTree = "<group>";
		};
/* End PBXGroup section */

/* Begin PBXNativeTarget section */
		26F1F3A51F0A0A8700E5AB2F /* FoodTracker */ = {
			isa = PBXNativeTarget;
			buildConfigurationList = 26F1F3CE1F0A0A8700E5AB2F /* Build configuration list for PBXNativeTarget "FoodTracker" */;
			buildPhases = (
				26F1F3A21F0A0A8700E5AB2F /* Sources */,
				26F1F3A31F0A0A8700E5AB2F /* Frameworks */,
				26F1F3A41F0A0A8700E5AB2F /* Resources */,
			);
			buildRules = (
			);
			dependencies = (
			);
			name = FoodTracker;
			productName = FoodTracker;
			productReference = 26F1F3A61F0A0A8700E5AB2F /* FoodTracker.app */;
			productType = "com.apple.product-type.application";
		};
		26F1F3B91F0A0A8700E5AB2F /* FoodTrackerTests */ = {
			isa = PBXNativeTarget;
			buildConfigurationList = 26F1F3D11F0A0A8700E5AB2F /* Build configuration list for PBXNativeTarget "FoodTrackerTests" */;
			buildPhases = (
				26F1F3B61F0A0A8700E5AB2F /* Sources */,
				26F1F3B71F0A0A8700E5AB2F /* Frameworks */,
				26F1F3B81F0A0A8700E5AB2F /* Resources */,
			);
			buildRules = (
			);
			dependencies = (
				26F1F3BC1F0A0A8700E5AB2F /* PBXTargetDependency */,
			);
			name = FoodTrackerTests;
			productName = FoodTrackerTests;
			productReference = 26F1F3BA1F0A0A8700E5AB2F /* FoodTrackerTests.xctest */;
			productType = "com.apple.product-type.bundle.unit-test";
		};
		26F1F3C41F0A0A8700E5AB2F /* FoodTrackerUITests */ = {
			isa = PBXNativeTarget;
			buildConfigurationList = 26F1F3D41F0A0A8700E5AB2F /* Build configuration list for PBXNativeTarget "FoodTrackerUITests" */;
			buildPhases = (
				26F1F3C11F0A0A8700E5AB2F /* Sources */,
				26F1F3C21F0A0A8700E5AB2F /* Frameworks */,
				26F1F3C31F0A0A8700E5AB2F /* Resources */,
			);
			buildRules = (
			);
			dependencies = (
				26F1F3C71F0A0A8700E5AB2F /* PBXTargetDependency */,
			);
			name = FoodTrackerUITests;
			productName = FoodTrackerUITests;
			productReference = 26F1F3C51F0A0A8700E5AB2F /* FoodTrackerUITests.xctest */;
			productType = "com.apple.product-type.bundle.ui-testing";
		};
/* End PBXNativeTarget section */

/* Begin PBXProject section */
		26F1F39E1F0A0A8700E5AB2F /* Project object */ = {
			isa = PBXProject;
			attributes = {
				LastSwiftUpdateCheck = 0830;
				LastUpgradeCheck = 0830;
				ORGANIZATIONNAME = Yeon;
				TargetAttributes = {
					26F1F3A51F0A0A8700E5AB2F = {
						CreatedOnToolsVersion = 8.3.3;
						DevelopmentTeam = 8YUW62G748;
						ProvisioningStyle = Automatic;
					};
					26F1F3B91F0A0A8700E5AB2F = {
						CreatedOnToolsVersion = 8.3.3;
						DevelopmentTeam = 8YUW62G748;
						ProvisioningStyle = Automatic;
						TestTargetID = 26F1F3A51F0A0A8700E5AB2F;
					};
					26F1F3C41F0A0A8700E5AB2F = {
						CreatedOnToolsVersion = 8.3.3;
						DevelopmentTeam = 8YUW62G748;
						ProvisioningStyle = Automatic;
						TestTargetID = 26F1F3A51F0A0A8700E5AB2F;
					};
				};
			};
			buildConfigurationList = 26F1F3A11F0A0A8700E5AB2F /* Build configuration list for PBXProject "FoodTracker" */;
			compatibilityVersion = "Xcode 3.2";
			developmentRegion = English;
			hasScannedForEncodings = 0;
			knownRegions = (
				en,
				Base,
			);
			mainGroup = 26F1F39D1F0A0A8700E5AB2F;
			productRefGroup = 26F1F3A71F0A0A8700E5AB2F /* Products */;
			projectDirPath = "";
			projectRoot = "";
			targets = (
				26F1F3A51F0A0A8700E5AB2F /* FoodTracker */,
				26F1F3B91F0A0A8700E5AB2F /* FoodTrackerTests */,
				26F1F3C41F0A0A8700E5AB2F /* FoodTrackerUITests */,
			);
		};
/* End PBXProject section */

/* Begin PBXResourcesBuildPhase section */
		26F1F3A41F0A0A8700E5AB2F /* Resources */ = {
			isa = PBXResourcesBuildPhase;
			buildActionMask = 2147483647;
			files = (
				26F1F3B41F0A0A8700E5AB2F /* LaunchScreen.storyboard in Resources */,
				26F1F3B11F0A0A8700E5AB2F /* Assets.xcassets in Resources */,
				26F1F3AF1F0A0A8700E5AB2F /* Main.storyboard in Resources */,
			);
			runOnlyForDeploymentPostprocessing = 0;
		};
		26F1F3B81F0A0A8700E5AB2F /* Resources */ = {
			isa = PBXResourcesBuildPhase;
			buildActionMask = 2147483647;
			files = (
			);
			runOnlyForDeploymentPostprocessing = 0;
		};
		26F1F3C31F0A0A8700E5AB2F /* Resources */ = {
			isa = PBXResourcesBuildPhase;
			buildActionMask = 2147483647;
			files = (
			);
			runOnlyForDeploymentPostprocessing = 0;
		};
/* End PBXResourcesBuildPhase section */

/* Begin PBXSourcesBuildPhase section */
		26F1F3A21F0A0A8700E5AB2F /* Sources */ = {
			isa = PBXSourcesBuildPhase;
			buildActionMask = 2147483647;
			files = (
				26F1F3AC1F0A0A8700E5AB2F /* ViewController.swift in Sources */,
				26F1F3AA1F0A0A8700E5AB2F /* AppDelegate.swift in Sources */,
			);
			runOnlyForDeploymentPostprocessing = 0;
		};
		26F1F3B61F0A0A8700E5AB2F /* Sources */ = {
			isa = PBXSourcesBuildPhase;
			buildActionMask = 2147483647;
			files = (
				26F1F3BF1F0A0A8700E5AB2F /* FoodTrackerTests.swift in Sources */,
			);
			runOnlyForDeploymentPostprocessing = 0;
		};
		26F1F3C11F0A0A8700E5AB2F /* Sources */ = {
			isa = PBXSourcesBuildPhase;
			buildActionMask = 2147483647;
			files = (
				26F1F3CA1F0A0A8700E5AB2F /* FoodTrackerUITests.swift in Sources */,
			);
			runOnlyForDeploymentPostprocessing = 0;
		};
/* End PBXSourcesBuildPhase section */

/* Begin PBXTargetDependency section */
		26F1F3BC1F0A0A8700E5AB2F /* PBXTargetDependency */ = {
			isa = PBXTargetDependency;
			target = 26F1F3A51F0A0A8700E5AB2F /* FoodTracker */;
			targetProxy = 26F1F3BB1F0A0A8700E5AB2F /* PBXContainerItemProxy */;
		};
		26F1F3C71F0A0A8700E5AB2F /* PBXTargetDependency */ = {
			isa = PBXTargetDependency;
			target = 26F1F3A51F0A0A8700E5AB2F /* FoodTracker */;
			targetProxy = 26F1F3C61F0A0A8700E5AB2F /* PBXContainerItemProxy */;
		};
/* End PBXTargetDependency section */

/* Begin PBXVariantGroup section */
		26F1F3AD1F0A0A8700E5AB2F /* Main.storyboard */ = {
			isa = PBXVariantGroup;
			children = (
				26F1F3AE1F0A0A8700E5AB2F /* Base */,
			);
			name = Main.storyboard;
			sourceTree = "<group>";
		};
		26F1F3B21F0A0A8700E5AB2F /* LaunchScreen.storyboard */ = {
			isa = PBXVariantGroup;
			children = (
				26F1F3B31F0A0A8700E5AB2F /* Base */,
			);
			name = LaunchScreen.storyboard;
			sourceTree = "<group>";
		};
/* End PBXVariantGroup section */

/* Begin XCBuildConfiguration section */
		26F1F3CC1F0A0A8700E5AB2F /* Debug */ = {
			isa = XCBuildConfiguration;
			buildSettings = {
				ALWAYS_SEARCH_USER_PATHS = NO;
				CLANG_ANALYZER_NONNULL = YES;
				CLANG_ANALYZER_NUMBER_OBJECT_CONVERSION = YES_AGGRESSIVE;
				CLANG_CXX_LANGUAGE_STANDARD = "gnu++0x";
				CLANG_CXX_LIBRARY = "libc++";
				CLANG_ENABLE_MODULES = YES;
				CLANG_ENABLE_OBJC_ARC = YES;
				CLANG_WARN_BOOL_CONVERSION = YES;
				CLANG_WARN_CONSTANT_CONVERSION = YES;
				CLANG_WARN_DIRECT_OBJC_ISA_USAGE = YES_ERROR;
				CLANG_WARN_DOCUMENTATION_COMMENTS = YES;
				CLANG_WARN_EMPTY_BODY = YES;
				CLANG_WARN_ENUM_CONVERSION = YES;
				CLANG_WARN_INFINITE_RECURSION = YES;
				CLANG_WARN_INT_CONVERSION = YES;
				CLANG_WARN_OBJC_ROOT_CLASS = YES_ERROR;
				CLANG_WARN_SUSPICIOUS_MOVE = YES;
				CLANG_WARN_UNREACHABLE_CODE = YES;
				CLANG_WARN__DUPLICATE_METHOD_MATCH = YES;
				"CODE_SIGN_IDENTITY[sdk=iphoneos*]" = "iPhone Developer";
				COPY_PHASE_STRIP = NO;
				DEBUG_INFORMATION_FORMAT = dwarf;
				ENABLE_STRICT_OBJC_MSGSEND = YES;
				ENABLE_TESTABILITY = YES;
				GCC_C_LANGUAGE_STANDARD = gnu99;
				GCC_DYNAMIC_NO_PIC = NO;
				GCC_NO_COMMON_BLOCKS = YES;
				GCC_OPTIMIZATION_LEVEL = 0;
				GCC_PREPROCESSOR_DEFINITIONS = (
					"DEBUG=1",
					"$(inherited)",
				);
				GCC_WARN_64_TO_32_BIT_CONVERSION = YES;
				GCC_WARN_ABOUT_RETURN_TYPE = YES_ERROR;
				GCC_WARN_UNDECLARED_SELECTOR = YES;
				GCC_WARN_UNINITIALIZED_AUTOS = YES_AGGRESSIVE;
				GCC_WARN_UNUSED_FUNCTION = YES;
				GCC_WARN_UNUSED_VARIABLE = YES;
				IPHONEOS_DEPLOYMENT_TARGET = 10.3;
				MTL_ENABLE_DEBUG_INFO = YES;
				ONLY_ACTIVE_ARCH = YES;
				SDKROOT = iphoneos;
				SWIFT_ACTIVE_COMPILATION_CONDITIONS = DEBUG;
				SWIFT_OPTIMIZATION_LEVEL = "-Onone";
				TARGETED_DEVICE_FAMILY = "1,2";
			};
			name = Debug;
		};
		26F1F3CD1F0A0A8700E5AB2F /* Release */ = {
			isa = XCBuildConfiguration;
			buildSettings = {
				ALWAYS_SEARCH_USER_PATHS = NO;
				CLANG_ANALYZER_NONNULL = YES;
				CLANG_ANALYZER_NUMBER_OBJECT_CONVERSION = YES_AGGRESSIVE;
				CLANG_CXX_LANGUAGE_STANDARD = "gnu++0x";
				CLANG_CXX_LIBRARY = "libc++";
				CLANG_ENABLE_MODULES = YES;
				CLANG_ENABLE_OBJC_ARC = YES;
				CLANG_WARN_BOOL_CONVERSION = YES;
				CLANG_WARN_CONSTANT_CONVERSION = YES;
				CLANG_WARN_DIRECT_OBJC_ISA_USAGE = YES_ERROR;
				CLANG_WARN_DOCUMENTATION_COMMENTS = YES;
				CLANG_WARN_EMPTY_BODY = YES;
				CLANG_WARN_ENUM_CONVERSION = YES;
				CLANG_WARN_INFINITE_RECURSION = YES;
				CLANG_WARN_INT_CONVERSION = YES;
				CLANG_WARN_OBJC_ROOT_CLASS = YES_ERROR;
				CLANG_WARN_SUSPICIOUS_MOVE = YES;
				CLANG_WARN_UNREACHABLE_CODE = YES;
				CLANG_WARN__DUPLICATE_METHOD_MATCH = YES;
				"CODE_SIGN_IDENTITY[sdk=iphoneos*]" = "iPhone Developer";
				COPY_PHASE_STRIP = NO;
				DEBUG_INFORMATION_FORMAT = "dwarf-with-dsym";
				ENABLE_NS_ASSERTIONS = NO;
				ENABLE_STRICT_OBJC_MSGSEND = YES;
				GCC_C_LANGUAGE_STANDARD = gnu99;
				GCC_NO_COMMON_BLOCKS = YES;
				GCC_WARN_64_TO_32_BIT_CONVERSION = YES;
				GCC_WARN_ABOUT_RETURN_TYPE = YES_ERROR;
				GCC_WARN_UNDECLARED_SELECTOR = YES;
				GCC_WARN_UNINITIALIZED_AUTOS = YES_AGGRESSIVE;
				GCC_WARN_UNUSED_FUNCTION = YES;
				GCC_WARN_UNUSED_VARIABLE = YES;
				IPHONEOS_DEPLOYMENT_TARGET = 10.3;
				MTL_ENABLE_DEBUG_INFO = NO;
				SDKROOT = iphoneos;
				SWIFT_OPTIMIZATION_LEVEL = "-Owholemodule";
				TARGETED_DEVICE_FAMILY = "1,2";
				VALIDATE_PRODUCT = YES;
			};
			name = Release;
		};
		26F1F3CF1F0A0A8700E5AB2F /* Debug */ = {
			isa = XCBuildConfiguration;
			buildSettings = {
				ASSETCATALOG_COMPILER_APPICON_NAME = AppIcon;
				DEVELOPMENT_TEAM = 8YUW62G748;
				INFOPLIST_FILE = FoodTracker/Info.plist;
				LD_RUNPATH_SEARCH_PATHS = "$(inherited) @executable_path/Frameworks";
				PRODUCT_BUNDLE_IDENTIFIER = com.yeon.FoodTracker;
				PRODUCT_NAME = "$(TARGET_NAME)";
				SWIFT_VERSION = 3.0;
			};
			name = Debug;
		};
		26F1F3D01F0A0A8700E5AB2F /* Release */ = {
			isa = XCBuildConfiguration;
			buildSettings = {
				ASSETCATALOG_COMPILER_APPICON_NAME = AppIcon;
				DEVELOPMENT_TEAM = 8YUW62G748;
				INFOPLIST_FILE = FoodTracker/Info.plist;
				LD_RUNPATH_SEARCH_PATHS = "$(inherited) @executable_path/Frameworks";
				PRODUCT_BUNDLE_IDENTIFIER = com.yeon.FoodTracker;
				PRODUCT_NAME = "$(TARGET_NAME)";
				SWIFT_VERSION = 3.0;
			};
			name = Release;
		};
		26F1F3D21F0A0A8700E5AB2F /* Debug */ = {
			isa = XCBuildConfiguration;
			buildSettings = {
				ALWAYS_EMBED_SWIFT_STANDARD_LIBRARIES = YES;
				BUNDLE_LOADER = "$(TEST_HOST)";
				DEVELOPMENT_TEAM = 8YUW62G748;
				INFOPLIST_FILE = FoodTrackerTests/Info.plist;
				LD_RUNPATH_SEARCH_PATHS = "$(inherited) @executable_path/Frameworks @loader_path/Frameworks";
				PRODUCT_BUNDLE_IDENTIFIER = com.yeon.FoodTrackerTests;
				PRODUCT_NAME = "$(TARGET_NAME)";
				SWIFT_VERSION = 3.0;
				TEST_HOST = "$(BUILT_PRODUCTS_DIR)/FoodTracker.app/FoodTracker";
			};
			name = Debug;
		};
		26F1F3D31F0A0A8700E5AB2F /* Release */ = {
			isa = XCBuildConfiguration;
			buildSettings = {
				ALWAYS_EMBED_SWIFT_STANDARD_LIBRARIES = YES;
				BUNDLE_LOADER = "$(TEST_HOST)";
				DEVELOPMENT_TEAM = 8YUW62G748;
				INFOPLIST_FILE = FoodTrackerTests/Info.plist;
				LD_RUNPATH_SEARCH_PATHS = "$(inherited) @executable_path/Frameworks @loader_path/Frameworks";
				PRODUCT_BUNDLE_IDENTIFIER = com.yeon.FoodTrackerTests;
				PRODUCT_NAME = "$(TARGET_NAME)";
				SWIFT_VERSION = 3.0;
				TEST_HOST = "$(BUILT_PRODUCTS_DIR)/FoodTracker.app/FoodTracker";
			};
			name = Release;
		};
		26F1F3D51F0A0A8700E5AB2F /* Debug */ = {
			isa = XCBuildConfiguration;
			buildSettings = {
				ALWAYS_EMBED_SWIFT_STANDARD_LIBRARIES = YES;
				DEVELOPMENT_TEAM = 8YUW62G748;
				INFOPLIST_FILE = FoodTrackerUITests/Info.plist;
				LD_RUNPATH_SEARCH_PATHS = "$(inherited) @executable_path/Frameworks @loader_path/Frameworks";
				PRODUCT_BUNDLE_IDENTIFIER = com.yeon.FoodTrackerUITests;
				PRODUCT_NAME = "$(TARGET_NAME)";
				SWIFT_VERSION = 3.0;
				TEST_TARGET_NAME = FoodTracker;
			};
			name = Debug;
		};
		26F1F3D61F0A0A8700E5AB2F /* Release */ = {
			isa = XCBuildConfiguration;
			buildSettings = {
				ALWAYS_EMBED_SWIFT_STANDARD_LIBRARIES = YES;
				DEVELOPMENT_TEAM = 8YUW62G748;
				INFOPLIST_FILE = FoodTrackerUITests/Info.plist;
				LD_RUNPATH_SEARCH_PATHS = "$(inherited) @executable_path/Frameworks @loader_path/Frameworks";
				PRODUCT_BUNDLE_IDENTIFIER = com.yeon.FoodTrackerUITests;
				PRODUCT_NAME = "$(TARGET_NAME)";
				SWIFT_VERSION = 3.0;
				TEST_TARGET_NAME = FoodTracker;
			};
			name = Release;
		};
/* End XCBuildConfiguration section */

/* Begin XCConfigurationList section */
		26F1F3A11F0A0A8700E5AB2F /* Build configuration list for PBXProject "FoodTracker" */ = {
			isa = XCConfigurationList;
			buildConfigurations = (
				26F1F3CC1F0A0A8700E5AB2F /* Debug */,
				26F1F3CD1F0A0A8700E5AB2F /* Release */,
			);
			defaultConfigurationIsVisible = 0;
			defaultConfigurationName = Release;
		};
		26F1F3CE1F0A0A8700E5AB2F /* Build configuration list for PBXNativeTarget "FoodTracker" */ = {
			isa = XCConfigurationList;
			buildConfigurations = (
				26F1F3CF1F0A0A8700E5AB2F /* Debug */,
				26F1F3D01F0A0A8700E5AB2F /* Release */,
			);
			defaultConfigurationIsVisible = 0;
		};
		26F1F3D11F0A0A8700E5AB2F /* Build configuration list for PBXNativeTarget "FoodTrackerTests" */ = {
			isa = XCConfigurationList;
			buildConfigurations = (
				26F1F3D21F0A0A8700E5AB2F /* Debug */,
				26F1F3D31F0A0A8700E5AB2F /* Release */,
			);
			defaultConfigurationIsVisible = 0;
		};
		26F1F3D41F0A0A8700E5AB2F /* Build configuration list for PBXNativeTarget "FoodTrackerUITests" */ = {
			isa = XCConfigurationList;
			buildConfigurations = (
				26F1F3D51F0A0A8700E5AB2F /* Debug */,
				26F1F3D61F0A0A8700E5AB2F /* Release */,
			);
			defaultConfigurationIsVisible = 0;
		};
/* End XCConfigurationList section */
	};
	rootObject = 26F1F39E1F0A0A8700E5AB2F /* Project object */;
}
