// !$*UTF8*$!
{
	archiveVersion = 1;
	classes = {
	};
	objectVersion = 46;
	objects = {

/* Begin PBXBuildFile section */
		268670641F11E4C3003E468E /* AppDelegate.swift in Sources */ = {isa = PBXBuildFile; fileRef = 268670631F11E4C3003E468E /* AppDelegate.swift */; };
		268670661F11E4C3003E468E /* ViewController.swift in Sources */ = {isa = PBXBuildFile; fileRef = 268670651F11E4C3003E468E /* ViewController.swift */; };
		268670691F11E4C3003E468E /* Main.storyboard in Resources */ = {isa = PBXBuildFile; fileRef = 268670671F11E4C3003E468E /* Main.storyboard */; };
		2686706B1F11E4C3003E468E /* Assets.xcassets in Resources */ = {isa = PBXBuildFile; fileRef = 2686706A1F11E4C3003E468E /* Assets.xcassets */; };
		2686706E1F11E4C3003E468E /* LaunchScreen.storyboard in Resources */ = {isa = PBXBuildFile; fileRef = 2686706C1F11E4C3003E468E /* LaunchScreen.storyboard */; };
		268670791F11E4C3003E468E /* FoodTrackerTests.swift in Sources */ = {isa = PBXBuildFile; fileRef = 268670781F11E4C3003E468E /* FoodTrackerTests.swift */; };
		268670841F11E754003E468E /* RatingControl.swift in Sources */ = {isa = PBXBuildFile; fileRef = 268670831F11E754003E468E /* RatingControl.swift */; };
		268670861F11EDCF003E468E /* Meal.swift in Sources */ = {isa = PBXBuildFile; fileRef = 268670851F11EDCF003E468E /* Meal.swift */; };
/* End PBXBuildFile section */

/* Begin PBXContainerItemProxy section */
		268670751F11E4C3003E468E /* PBXContainerItemProxy */ = {
			isa = PBXContainerItemProxy;
			containerPortal = 268670581F11E4C3003E468E /* Project object */;
			proxyType = 1;
			remoteGlobalIDString = 2686705F1F11E4C3003E468E;
			remoteInfo = FoodTracker;
		};
/* End PBXContainerItemProxy section */

/* Begin PBXFileReference section */
		268670601F11E4C3003E468E /* FoodTracker.app */ = {isa = PBXFileReference; explicitFileType = wrapper.application; includeInIndex = 0; path = FoodTracker.app; sourceTree = BUILT_PRODUCTS_DIR; };
		268670631F11E4C3003E468E /* AppDelegate.swift */ = {isa = PBXFileReference; lastKnownFileType = sourcecode.swift; path = AppDelegate.swift; sourceTree = "<group>"; };
		268670651F11E4C3003E468E /* ViewController.swift */ = {isa = PBXFileReference; lastKnownFileType = sourcecode.swift; path = ViewController.swift; sourceTree = "<group>"; };
		268670681F11E4C3003E468E /* Base */ = {isa = PBXFileReference; lastKnownFileType = file.storyboard; name = Base; path = Base.lproj/Main.storyboard; sourceTree = "<group>"; };
		2686706A1F11E4C3003E468E /* Assets.xcassets */ = {isa = PBXFileReference; lastKnownFileType = folder.assetcatalog; path = Assets.xcassets; sourceTree = "<group>"; };
		2686706D1F11E4C3003E468E /* Base */ = {isa = PBXFileReference; lastKnownFileType = file.storyboard; name = Base; path = Base.lproj/LaunchScreen.storyboard; sourceTree = "<group>"; };
		2686706F1F11E4C3003E468E /* Info.plist */ = {isa = PBXFileReference; lastKnownFileType = text.plist.xml; path = Info.plist; sourceTree = "<group>"; };
		268670741F11E4C3003E468E /* FoodTrackerTests.xctest */ = {isa = PBXFileReference; explicitFileType = wrapper.cfbundle; includeInIndex = 0; path = FoodTrackerTests.xctest; sourceTree = BUILT_PRODUCTS_DIR; };
		268670781F11E4C3003E468E /* FoodTrackerTests.swift */ = {isa = PBXFileReference; lastKnownFileType = sourcecode.swift; path = FoodTrackerTests.swift; sourceTree = "<group>"; };
		2686707A1F11E4C3003E468E /* Info.plist */ = {isa = PBXFileReference; lastKnownFileType = text.plist.xml; path = Info.plist; sourceTree = "<group>"; };
		268670831F11E754003E468E /* RatingControl.swift */ = {isa = PBXFileReference; fileEncoding = 4; lastKnownFileType = sourcecode.swift; path = RatingControl.swift; sourceTree = "<group>"; };
		268670851F11EDCF003E468E /* Meal.swift */ = {isa = PBXFileReference; fileEncoding = 4; lastKnownFileType = sourcecode.swift; path = Meal.swift; sourceTree = "<group>"; };
/* End PBXFileReference section */

/* Begin PBXFrameworksBuildPhase section */
		2686705D1F11E4C3003E468E /* Frameworks */ = {
			isa = PBXFrameworksBuildPhase;
			buildActionMask = 2147483647;
			files = (
			);
			runOnlyForDeploymentPostprocessing = 0;
		};
		268670711F11E4C3003E468E /* Frameworks */ = {
			isa = PBXFrameworksBuildPhase;
			buildActionMask = 2147483647;
			files = (
			);
			runOnlyForDeploymentPostprocessing = 0;
		};
/* End PBXFrameworksBuildPhase section */

/* Begin PBXGroup section */
		268670571F11E4C3003E468E = {
			isa = PBXGroup;
			children = (
				268670621F11E4C3003E468E /* FoodTracker */,
				268670771F11E4C3003E468E /* FoodTrackerTests */,
				268670611F11E4C3003E468E /* Products */,
			);
			sourceTree = "<group>";
		};
		268670611F11E4C3003E468E /* Products */ = {
			isa = PBXGroup;
			children = (
				268670601F11E4C3003E468E /* FoodTracker.app */,
				268670741F11E4C3003E468E /* FoodTrackerTests.xctest */,
			);
			name = Products;
			sourceTree = "<group>";
		};
		268670621F11E4C3003E468E /* FoodTracker */ = {
			isa = PBXGroup;
			children = (
				268670631F11E4C3003E468E /* AppDelegate.swift */,
				268670651F11E4C3003E468E /* ViewController.swift */,
				268670831F11E754003E468E /* RatingControl.swift */,
				268670851F11EDCF003E468E /* Meal.swift */,
				268670671F11E4C3003E468E /* Main.storyboard */,
				2686706A1F11E4C3003E468E /* Assets.xcassets */,
				2686706C1F11E4C3003E468E /* LaunchScreen.storyboard */,
				2686706F1F11E4C3003E468E /* Info.plist */,
			);
			path = FoodTracker;
			sourceTree = "<group>";
		};
		268670771F11E4C3003E468E /* FoodTrackerTests */ = {
			isa = PBXGroup;
			children = (
				268670781F11E4C3003E468E /* FoodTrackerTests.swift */,
				2686707A1F11E4C3003E468E /* Info.plist */,
			);
			path = FoodTrackerTests;
			sourceTree = "<group>";
		};
/* End PBXGroup section */

/* Begin PBXNativeTarget section */
		2686705F1F11E4C3003E468E /* FoodTracker */ = {
			isa = PBXNativeTarget;
			buildConfigurationList = 2686707D1F11E4C3003E468E /* Build configuration list for PBXNativeTarget "FoodTracker" */;
			buildPhases = (
				2686705C1F11E4C3003E468E /* Sources */,
				2686705D1F11E4C3003E468E /* Frameworks */,
				2686705E1F11E4C3003E468E /* Resources */,
			);
			buildRules = (
			);
			dependencies = (
			);
			name = FoodTracker;
			productName = FoodTracker;
			productReference = 268670601F11E4C3003E468E /* FoodTracker.app */;
			productType = "com.apple.product-type.application";
		};
		268670731F11E4C3003E468E /* FoodTrackerTests */ = {
			isa = PBXNativeTarget;
			buildConfigurationList = 268670801F11E4C3003E468E /* Build configuration list for PBXNativeTarget "FoodTrackerTests" */;
			buildPhases = (
				268670701F11E4C3003E468E /* Sources */,
				268670711F11E4C3003E468E /* Frameworks */,
				268670721F11E4C3003E468E /* Resources */,
			);
			buildRules = (
			);
			dependencies = (
				268670761F11E4C3003E468E /* PBXTargetDependency */,
			);
			name = FoodTrackerTests;
			productName = FoodTrackerTests;
			productReference = 268670741F11E4C3003E468E /* FoodTrackerTests.xctest */;
			productType = "com.apple.product-type.bundle.unit-test";
		};
/* End PBXNativeTarget section */

/* Begin PBXProject section */
		268670581F11E4C3003E468E /* Project object */ = {
			isa = PBXProject;
			attributes = {
				LastSwiftUpdateCheck = 0830;
				LastUpgradeCheck = 0830;
				ORGANIZATIONNAME = Yeon;
				TargetAttributes = {
					2686705F1F11E4C3003E468E = {
						CreatedOnToolsVersion = 8.3.3;
						DevelopmentTeam = 8YUW62G748;
						ProvisioningStyle = Automatic;
					};
					268670731F11E4C3003E468E = {
						CreatedOnToolsVersion = 8.3.3;
						DevelopmentTeam = 8YUW62G748;
						ProvisioningStyle = Automatic;
						TestTargetID = 2686705F1F11E4C3003E468E;
					};
				};
			};
			buildConfigurationList = 2686705B1F11E4C3003E468E /* Build configuration list for PBXProject "FoodTracker" */;
			compatibilityVersion = "Xcode 3.2";
			developmentRegion = English;
			hasScannedForEncodings = 0;
			knownRegions = (
				en,
				Base,
			);
			mainGroup = 268670571F11E4C3003E468E;
			productRefGroup = 268670611F11E4C3003E468E /* Products */;
			projectDirPath = "";
			projectRoot = "";
			targets = (
				2686705F1F11E4C3003E468E /* FoodTracker */,
				268670731F11E4C3003E468E /* FoodTrackerTests */,
			);
		};
/* End PBXProject section */

/* Begin PBXResourcesBuildPhase section */
		2686705E1F11E4C3003E468E /* Resources */ = {
			isa = PBXResourcesBuildPhase;
			buildActionMask = 2147483647;
			files = (
				2686706E1F11E4C3003E468E /* LaunchScreen.storyboard in Resources */,
				2686706B1F11E4C3003E468E /* Assets.xcassets in Resources */,
				268670691F11E4C3003E468E /* Main.storyboard in Resources */,
			);
			runOnlyForDeploymentPostprocessing = 0;
		};
		268670721F11E4C3003E468E /* Resources */ = {
			isa = PBXResourcesBuildPhase;
			buildActionMask = 2147483647;
			files = (
			);
			runOnlyForDeploymentPostprocessing = 0;
		};
/* End PBXResourcesBuildPhase section */

/* Begin PBXSourcesBuildPhase section */
		2686705C1F11E4C3003E468E /* Sources */ = {
			isa = PBXSourcesBuildPhase;
			buildActionMask = 2147483647;
			files = (
				268670861F11EDCF003E468E /* Meal.swift in Sources */,
				268670661F11E4C3003E468E /* ViewController.swift in Sources */,
				268670841F11E754003E468E /* RatingControl.swift in Sources */,
				268670641F11E4C3003E468E /* AppDelegate.swift in Sources */,
			);
			runOnlyForDeploymentPostprocessing = 0;
		};
		268670701F11E4C3003E468E /* Sources */ = {
			isa = PBXSourcesBuildPhase;
			buildActionMask = 2147483647;
			files = (
				268670791F11E4C3003E468E /* FoodTrackerTests.swift in Sources */,
			);
			runOnlyForDeploymentPostprocessing = 0;
		};
/* End PBXSourcesBuildPhase section */

/* Begin PBXTargetDependency section */
		268670761F11E4C3003E468E /* PBXTargetDependency */ = {
			isa = PBXTargetDependency;
			target = 2686705F1F11E4C3003E468E /* FoodTracker */;
			targetProxy = 268670751F11E4C3003E468E /* PBXContainerItemProxy */;
		};
/* End PBXTargetDependency section */

/* Begin PBXVariantGroup section */
		268670671F11E4C3003E468E /* Main.storyboard */ = {
			isa = PBXVariantGroup;
			children = (
				268670681F11E4C3003E468E /* Base */,
			);
			name = Main.storyboard;
			sourceTree = "<group>";
		};
		2686706C1F11E4C3003E468E /* LaunchScreen.storyboard */ = {
			isa = PBXVariantGroup;
			children = (
				2686706D1F11E4C3003E468E /* Base */,
			);
			name = LaunchScreen.storyboard;
			sourceTree = "<group>";
		};
/* End PBXVariantGroup section */

/* Begin XCBuildConfiguration section */
		2686707B1F11E4C3003E468E /* Debug */ = {
			isa = XCBuildConfiguration;
			buildSettings = {
				ALWAYS_SEARCH_USER_PATHS = NO;
				CLANG_ANALYZER_NONNULL = YES;
				CLANG_ANALYZER_NUMBER_OBJECT_CONVERSION = YES_AGGRESSIVE;
				CLANG_CXX_LANGUAGE_STANDARD = "gnu++0x";
				CLANG_CXX_LIBRARY = "libc++";
				CLANG_ENABLE_MODULES = YES;
				CLANG_ENABLE_OBJC_ARC = YES;
				CLANG_WARN_BOOL_CONVERSION = YES;
				CLANG_WARN_CONSTANT_CONVERSION = YES;
				CLANG_WARN_DIRECT_OBJC_ISA_USAGE = YES_ERROR;
				CLANG_WARN_DOCUMENTATION_COMMENTS = YES;
				CLANG_WARN_EMPTY_BODY = YES;
				CLANG_WARN_ENUM_CONVERSION = YES;
				CLANG_WARN_INFINITE_RECURSION = YES;
				CLANG_WARN_INT_CONVERSION = YES;
				CLANG_WARN_OBJC_ROOT_CLASS = YES_ERROR;
				CLANG_WARN_SUSPICIOUS_MOVE = YES;
				CLANG_WARN_UNREACHABLE_CODE = YES;
				CLANG_WARN__DUPLICATE_METHOD_MATCH = YES;
				"CODE_SIGN_IDENTITY[sdk=iphoneos*]" = "iPhone Developer";
				COPY_PHASE_STRIP = NO;
				DEBUG_INFORMATION_FORMAT = dwarf;
				ENABLE_STRICT_OBJC_MSGSEND = YES;
				ENABLE_TESTABILITY = YES;
				GCC_C_LANGUAGE_STANDARD = gnu99;
				GCC_DYNAMIC_NO_PIC = NO;
				GCC_NO_COMMON_BLOCKS = YES;
				GCC_OPTIMIZATION_LEVEL = 0;
				GCC_PREPROCESSOR_DEFINITIONS = (
					"DEBUG=1",
					"$(inherited)",
				);
				GCC_WARN_64_TO_32_BIT_CONVERSION = YES;
				GCC_WARN_ABOUT_RETURN_TYPE = YES_ERROR;
				GCC_WARN_UNDECLARED_SELECTOR = YES;
				GCC_WARN_UNINITIALIZED_AUTOS = YES_AGGRESSIVE;
				GCC_WARN_UNUSED_FUNCTION = YES;
				GCC_WARN_UNUSED_VARIABLE = YES;
				IPHONEOS_DEPLOYMENT_TARGET = 10.3;
				MTL_ENABLE_DEBUG_INFO = YES;
				ONLY_ACTIVE_ARCH = YES;
				SDKROOT = iphoneos;
				SWIFT_ACTIVE_COMPILATION_CONDITIONS = DEBUG;
				SWIFT_OPTIMIZATION_LEVEL = "-Onone";
				TARGETED_DEVICE_FAMILY = "1,2";
			};
			name = Debug;
		};
		2686707C1F11E4C3003E468E /* Release */ = {
			isa = XCBuildConfiguration;
			buildSettings = {
				ALWAYS_SEARCH_USER_PATHS = NO;
				CLANG_ANALYZER_NONNULL = YES;
				CLANG_ANALYZER_NUMBER_OBJECT_CONVERSION = YES_AGGRESSIVE;
				CLANG_CXX_LANGUAGE_STANDARD = "gnu++0x";
				CLANG_CXX_LIBRARY = "libc++";
				CLANG_ENABLE_MODULES = YES;
				CLANG_ENABLE_OBJC_ARC = YES;
				CLANG_WARN_BOOL_CONVERSION = YES;
				CLANG_WARN_CONSTANT_CONVERSION = YES;
				CLANG_WARN_DIRECT_OBJC_ISA_USAGE = YES_ERROR;
				CLANG_WARN_DOCUMENTATION_COMMENTS = YES;
				CLANG_WARN_EMPTY_BODY = YES;
				CLANG_WARN_ENUM_CONVERSION = YES;
				CLANG_WARN_INFINITE_RECURSION = YES;
				CLANG_WARN_INT_CONVERSION = YES;
				CLANG_WARN_OBJC_ROOT_CLASS = YES_ERROR;
				CLANG_WARN_SUSPICIOUS_MOVE = YES;
				CLANG_WARN_UNREACHABLE_CODE = YES;
				CLANG_WARN__DUPLICATE_METHOD_MATCH = YES;
				"CODE_SIGN_IDENTITY[sdk=iphoneos*]" = "iPhone Developer";
				COPY_PHASE_STRIP = NO;
				DEBUG_INFORMATION_FORMAT = "dwarf-with-dsym";
				ENABLE_NS_ASSERTIONS = NO;
				ENABLE_STRICT_OBJC_MSGSEND = YES;
				GCC_C_LANGUAGE_STANDARD = gnu99;
				GCC_NO_COMMON_BLOCKS = YES;
				GCC_WARN_64_TO_32_BIT_CONVERSION = YES;
				GCC_WARN_ABOUT_RETURN_TYPE = YES_ERROR;
				GCC_WARN_UNDECLARED_SELECTOR = YES;
				GCC_WARN_UNINITIALIZED_AUTOS = YES_AGGRESSIVE;
				GCC_WARN_UNUSED_FUNCTION = YES;
				GCC_WARN_UNUSED_VARIABLE = YES;
				IPHONEOS_DEPLOYMENT_TARGET = 10.3;
				MTL_ENABLE_DEBUG_INFO = NO;
				SDKROOT = iphoneos;
				SWIFT_OPTIMIZATION_LEVEL = "-Owholemodule";
				TARGETED_DEVICE_FAMILY = "1,2";
				VALIDATE_PRODUCT = YES;
			};
			name = Release;
		};
		2686707E1F11E4C3003E468E /* Debug */ = {
			isa = XCBuildConfiguration;
			buildSettings = {
				ASSETCATALOG_COMPILER_APPICON_NAME = AppIcon;
				DEVELOPMENT_TEAM = 8YUW62G748;
				INFOPLIST_FILE = FoodTracker/Info.plist;
				LD_RUNPATH_SEARCH_PATHS = "$(inherited) @executable_path/Frameworks";
				PRODUCT_BUNDLE_IDENTIFIER = com.yeon.FoodTracker;
				PRODUCT_NAME = "$(TARGET_NAME)";
				SWIFT_VERSION = 3.0;
			};
			name = Debug;
		};
		2686707F1F11E4C3003E468E /* Release */ = {
			isa = XCBuildConfiguration;
			buildSettings = {
				ASSETCATALOG_COMPILER_APPICON_NAME = AppIcon;
				DEVELOPMENT_TEAM = 8YUW62G748;
				INFOPLIST_FILE = FoodTracker/Info.plist;
				LD_RUNPATH_SEARCH_PATHS = "$(inherited) @executable_path/Frameworks";
				PRODUCT_BUNDLE_IDENTIFIER = com.yeon.FoodTracker;
				PRODUCT_NAME = "$(TARGET_NAME)";
				SWIFT_VERSION = 3.0;
			};
			name = Release;
		};
		268670811F11E4C3003E468E /* Debug */ = {
			isa = XCBuildConfiguration;
			buildSettings = {
				ALWAYS_EMBED_SWIFT_STANDARD_LIBRARIES = YES;
				BUNDLE_LOADER = "$(TEST_HOST)";
				DEVELOPMENT_TEAM = 8YUW62G748;
				INFOPLIST_FILE = FoodTrackerTests/Info.plist;
				LD_RUNPATH_SEARCH_PATHS = "$(inherited) @executable_path/Frameworks @loader_path/Frameworks";
				PRODUCT_BUNDLE_IDENTIFIER = com.yeon.FoodTrackerTests;
				PRODUCT_NAME = "$(TARGET_NAME)";
				SWIFT_VERSION = 3.0;
				TEST_HOST = "$(BUILT_PRODUCTS_DIR)/FoodTracker.app/FoodTracker";
			};
			name = Debug;
		};
		268670821F11E4C3003E468E /* Release */ = {
			isa = XCBuildConfiguration;
			buildSettings = {
				ALWAYS_EMBED_SWIFT_STANDARD_LIBRARIES = YES;
				BUNDLE_LOADER = "$(TEST_HOST)";
				DEVELOPMENT_TEAM = 8YUW62G748;
				INFOPLIST_FILE = FoodTrackerTests/Info.plist;
				LD_RUNPATH_SEARCH_PATHS = "$(inherited) @executable_path/Frameworks @loader_path/Frameworks";
				PRODUCT_BUNDLE_IDENTIFIER = com.yeon.FoodTrackerTests;
				PRODUCT_NAME = "$(TARGET_NAME)";
				SWIFT_VERSION = 3.0;
				TEST_HOST = "$(BUILT_PRODUCTS_DIR)/FoodTracker.app/FoodTracker";
			};
			name = Release;
		};
/* End XCBuildConfiguration section */

/* Begin XCConfigurationList section */
		2686705B1F11E4C3003E468E /* Build configuration list for PBXProject "FoodTracker" */ = {
			isa = XCConfigurationList;
			buildConfigurations = (
				2686707B1F11E4C3003E468E /* Debug */,
				2686707C1F11E4C3003E468E /* Release */,
			);
			defaultConfigurationIsVisible = 0;
			defaultConfigurationName = Release;
		};
		2686707D1F11E4C3003E468E /* Build configuration list for PBXNativeTarget "FoodTracker" */ = {
			isa = XCConfigurationList;
			buildConfigurations = (
				2686707E1F11E4C3003E468E /* Debug */,
				2686707F1F11E4C3003E468E /* Release */,
			);
			defaultConfigurationIsVisible = 0;
		};
		268670801F11E4C3003E468E /* Build configuration list for PBXNativeTarget "FoodTrackerTests" */ = {
			isa = XCConfigurationList;
			buildConfigurations = (
				268670811F11E4C3003E468E /* Debug */,
				268670821F11E4C3003E468E /* Release */,
			);
			defaultConfigurationIsVisible = 0;
		};
/* End XCConfigurationList section */
	};
	rootObject = 268670581F11E4C3003E468E /* Project object */;
}
